
Microsoft Visual Studio Solution File, Format Version 12.00
# Visual Studio 2013
VisualStudioVersion = 12.0.31101.0
MinimumVisualStudioVersion = 10.0.40219.1
Project("{2150E333-8FDC-42A3-9474-1A3956D46DE8}") = "3. DAL", "3. DAL", "{FE41F1CD-66F5-4BA1-9F2D-FA7C245EB11C}"
EndProject
Project("{FAE04EC0-301F-11D3-BF4B-00C04F79EFBC}") = "RockPaper.DataSource", "RockPaper.DataSource\RockPaper.DataSource.csproj", "{23BCE258-8874-4B62-9F40-087386D12117}"
EndProject
Project("{FAE04EC0-301F-11D3-BF4B-00C04F79EFBC}") = "RockPaper.Adapter", "RockPaper.Adapter\RockPaper.Adapter.csproj", "{C053B3CD-C3DF-476A-8F51-0203A64A72DA}"
EndProject
Project("{FAE04EC0-301F-11D3-BF4B-00C04F79EFBC}") = "RockPaper.Contracts", "RockPaper.Contracts\RockPaper.Contracts.csproj", "{7C28B980-C276-4BB3-8E42-8FA7D84A828C}"
EndProject
Project("{2150E333-8FDC-42A3-9474-1A3956D46DE8}") = "Testing", "Testing", "{6E633260-D9C9-4293-AF68-7E2E64DC2B1B}"
EndProject
Project("{FAE04EC0-301F-11D3-BF4B-00C04F79EFBC}") = "RockPaper.AdapterImplentations", "RockPaper.AdapterImplentations\RockPaper.AdapterImplentations.csproj", "{909E69D3-A175-4C31-B990-AB5447AE4CEE}"
EndProject
Project("{2150E333-8FDC-42A3-9474-1A3956D46DE8}") = "2. Mid-Tier", "2. Mid-Tier", "{FC903619-9942-48E6-B358-23125BC4E832}"
EndProject
Project("{FAE04EC0-301F-11D3-BF4B-00C04F79EFBC}") = "RockPaper.Providers", "RockPaper.Providers\RockPaper.Providers.csproj", "{FB29C784-E352-4BEE-98FD-368C3D102389}"
EndProject
Project("{2150E333-8FDC-42A3-9474-1A3956D46DE8}") = "1. Front End", "1. Front End", "{F6319AA1-C05A-4D31-8C01-C80C8A9C3968}"
EndProject
Project("{FAE04EC0-301F-11D3-BF4B-00C04F79EFBC}") = "RockPaper.Services", "RockPaper.Services\RockPaper.Services.csproj", "{04D6F6A2-7B51-4180-910A-D40522F31EDD}"
EndProject
Project("{FAE04EC0-301F-11D3-BF4B-00C04F79EFBC}") = "RockPaper.TestProject", "RockPaper.Tests\RockPaper.TestProject.csproj", "{E455B940-4F43-4CC7-968F-C5DE8B589F02}"
EndProject
Project("{FAE04EC0-301F-11D3-BF4B-00C04F79EFBC}") = "RockPaper.Web", "RockPaper.Web\RockPaper.Web.csproj", "{87790498-0022-449F-99E1-CFB3B9D7EF2E}"
EndProject
Project("{FAE04EC0-301F-11D3-BF4B-00C04F79EFBC}") = "RockPaper.StubData", "RockPaper.StubData\RockPaper.StubData.csproj", "{047A123B-D9D6-4747-97C0-E56BE96936E6}"
EndProject
Project("{2150E333-8FDC-42A3-9474-1A3956D46DE8}") = "4. Consumers", "4. Consumers", "{E6DCA93D-D978-440F-99BD-199F47ECC29A}"
EndProject
Project("{FAE04EC0-301F-11D3-BF4B-00C04F79EFBC}") = "RockPaper.Proxy", "RockPaper.Proxy\RockPaper.Proxy.csproj", "{BD2AAB92-957F-4613-B0A6-92CB8C87FBAD}"
EndProject
Project("{FAE04EC0-301F-11D3-BF4B-00C04F79EFBC}") = "RockPaper.Wpf", "RockPaper.Wpf\RockPaper.Wpf.csproj", "{EEB9E9FB-8C70-42B7-BDA9-1A84608DACF0}"
	ProjectSection(ProjectDependencies) = postProject
		{87790498-0022-449F-99E1-CFB3B9D7EF2E} = {87790498-0022-449F-99E1-CFB3B9D7EF2E}
	EndProjectSection
EndProject
Project("{2150E333-8FDC-42A3-9474-1A3956D46DE8}") = "5. Cross Cutting Concerns", "5. Cross Cutting Concerns", "{CA0121CF-30D4-4DE2-9590-317B8CF77A59}"
EndProject
Project("{FAE04EC0-301F-11D3-BF4B-00C04F79EFBC}") = "RockPaper.Instrumentation", "RockPaper.Instrumentation\RockPaper.Instrumentation.csproj", "{C1D8EE16-F198-4B63-84D7-C3E504158EB4}"
EndProject
Project("{FAE04EC0-301F-11D3-BF4B-00C04F79EFBC}") = "RockPaper.Common", "RockPaper.Common\RockPaper.Common.csproj", "{DDE19C2E-0D4F-4021-B24E-BAB6C3F8FCF1}"
EndProject
Global
	GlobalSection(SolutionConfigurationPlatforms) = preSolution
		Debug|Any CPU = Debug|Any CPU
		Release|Any CPU = Release|Any CPU
	EndGlobalSection
	GlobalSection(ProjectConfigurationPlatforms) = postSolution
		{23BCE258-8874-4B62-9F40-087386D12117}.Debug|Any CPU.ActiveCfg = Debug|Any CPU
		{23BCE258-8874-4B62-9F40-087386D12117}.Debug|Any CPU.Build.0 = Debug|Any CPU
		{23BCE258-8874-4B62-9F40-087386D12117}.Release|Any CPU.ActiveCfg = Release|Any CPU
		{23BCE258-8874-4B62-9F40-087386D12117}.Release|Any CPU.Build.0 = Release|Any CPU
		{C053B3CD-C3DF-476A-8F51-0203A64A72DA}.Debug|Any CPU.ActiveCfg = Debug|Any CPU
		{C053B3CD-C3DF-476A-8F51-0203A64A72DA}.Debug|Any CPU.Build.0 = Debug|Any CPU
		{C053B3CD-C3DF-476A-8F51-0203A64A72DA}.Release|Any CPU.ActiveCfg = Release|Any CPU
		{C053B3CD-C3DF-476A-8F51-0203A64A72DA}.Release|Any CPU.Build.0 = Release|Any CPU
		{7C28B980-C276-4BB3-8E42-8FA7D84A828C}.Debug|Any CPU.ActiveCfg = Debug|Any CPU
		{7C28B980-C276-4BB3-8E42-8FA7D84A828C}.Debug|Any CPU.Build.0 = Debug|Any CPU
		{7C28B980-C276-4BB3-8E42-8FA7D84A828C}.Release|Any CPU.ActiveCfg = Release|Any CPU
		{7C28B980-C276-4BB3-8E42-8FA7D84A828C}.Release|Any CPU.Build.0 = Release|Any CPU
		{909E69D3-A175-4C31-B990-AB5447AE4CEE}.Debug|Any CPU.ActiveCfg = Debug|Any CPU
		{909E69D3-A175-4C31-B990-AB5447AE4CEE}.Debug|Any CPU.Build.0 = Debug|Any CPU
		{909E69D3-A175-4C31-B990-AB5447AE4CEE}.Release|Any CPU.ActiveCfg = Release|Any CPU
		{909E69D3-A175-4C31-B990-AB5447AE4CEE}.Release|Any CPU.Build.0 = Release|Any CPU
		{FB29C784-E352-4BEE-98FD-368C3D102389}.Debug|Any CPU.ActiveCfg = Debug|Any CPU
		{FB29C784-E352-4BEE-98FD-368C3D102389}.Debug|Any CPU.Build.0 = Debug|Any CPU
		{FB29C784-E352-4BEE-98FD-368C3D102389}.Release|Any CPU.ActiveCfg = Release|Any CPU
		{FB29C784-E352-4BEE-98FD-368C3D102389}.Release|Any CPU.Build.0 = Release|Any CPU
		{04D6F6A2-7B51-4180-910A-D40522F31EDD}.Debug|Any CPU.ActiveCfg = Debug|Any CPU
		{04D6F6A2-7B51-4180-910A-D40522F31EDD}.Debug|Any CPU.Build.0 = Debug|Any CPU
		{04D6F6A2-7B51-4180-910A-D40522F31EDD}.Release|Any CPU.ActiveCfg = Release|Any CPU
		{04D6F6A2-7B51-4180-910A-D40522F31EDD}.Release|Any CPU.Build.0 = Release|Any CPU
		{E455B940-4F43-4CC7-968F-C5DE8B589F02}.Debug|Any CPU.ActiveCfg = Debug|Any CPU
		{E455B940-4F43-4CC7-968F-C5DE8B589F02}.Debug|Any CPU.Build.0 = Debug|Any CPU
		{E455B940-4F43-4CC7-968F-C5DE8B589F02}.Release|Any CPU.ActiveCfg = Release|Any CPU
		{E455B940-4F43-4CC7-968F-C5DE8B589F02}.Release|Any CPU.Build.0 = Release|Any CPU
		{87790498-0022-449F-99E1-CFB3B9D7EF2E}.Debug|Any CPU.ActiveCfg = Debug|Any CPU
		{87790498-0022-449F-99E1-CFB3B9D7EF2E}.Debug|Any CPU.Build.0 = Debug|Any CPU
		{87790498-0022-449F-99E1-CFB3B9D7EF2E}.Release|Any CPU.ActiveCfg = Release|Any CPU
		{87790498-0022-449F-99E1-CFB3B9D7EF2E}.Release|Any CPU.Build.0 = Release|Any CPU
		{047A123B-D9D6-4747-97C0-E56BE96936E6}.Debug|Any CPU.ActiveCfg = Debug|Any CPU
		{047A123B-D9D6-4747-97C0-E56BE96936E6}.Debug|Any CPU.Build.0 = Debug|Any CPU
		{047A123B-D9D6-4747-97C0-E56BE96936E6}.Release|Any CPU.ActiveCfg = Release|Any CPU
		{047A123B-D9D6-4747-97C0-E56BE96936E6}.Release|Any CPU.Build.0 = Release|Any CPU
		{BD2AAB92-957F-4613-B0A6-92CB8C87FBAD}.Debug|Any CPU.ActiveCfg = Debug|Any CPU
		{BD2AAB92-957F-4613-B0A6-92CB8C87FBAD}.Debug|Any CPU.Build.0 = Debug|Any CPU
		{BD2AAB92-957F-4613-B0A6-92CB8C87FBAD}.Release|Any CPU.ActiveCfg = Release|Any CPU
		{BD2AAB92-957F-4613-B0A6-92CB8C87FBAD}.Release|Any CPU.Build.0 = Release|Any CPU
		{EEB9E9FB-8C70-42B7-BDA9-1A84608DACF0}.Debug|Any CPU.ActiveCfg = Debug|Any CPU
		{EEB9E9FB-8C70-42B7-BDA9-1A84608DACF0}.Debug|Any CPU.Build.0 = Debug|Any CPU
		{EEB9E9FB-8C70-42B7-BDA9-1A84608DACF0}.Release|Any CPU.ActiveCfg = Release|Any CPU
		{EEB9E9FB-8C70-42B7-BDA9-1A84608DACF0}.Release|Any CPU.Build.0 = Release|Any CPU
		{C1D8EE16-F198-4B63-84D7-C3E504158EB4}.Debug|Any CPU.ActiveCfg = Debug|Any CPU
		{C1D8EE16-F198-4B63-84D7-C3E504158EB4}.Debug|Any CPU.Build.0 = Debug|Any CPU
		{C1D8EE16-F198-4B63-84D7-C3E504158EB4}.Release|Any CPU.ActiveCfg = Release|Any CPU
		{C1D8EE16-F198-4B63-84D7-C3E504158EB4}.Release|Any CPU.Build.0 = Release|Any CPU
		{DDE19C2E-0D4F-4021-B24E-BAB6C3F8FCF1}.Debug|Any CPU.ActiveCfg = Debug|Any CPU
		{DDE19C2E-0D4F-4021-B24E-BAB6C3F8FCF1}.Debug|Any CPU.Build.0 = Debug|Any CPU
		{DDE19C2E-0D4F-4021-B24E-BAB6C3F8FCF1}.Release|Any CPU.ActiveCfg = Release|Any CPU
		{DDE19C2E-0D4F-4021-B24E-BAB6C3F8FCF1}.Release|Any CPU.Build.0 = Release|Any CPU
	EndGlobalSection
	GlobalSection(SolutionProperties) = preSolution
		HideSolutionNode = FALSE
	EndGlobalSection
	GlobalSection(NestedProjects) = preSolution
		{23BCE258-8874-4B62-9F40-087386D12117} = {FE41F1CD-66F5-4BA1-9F2D-FA7C245EB11C}
		{C053B3CD-C3DF-476A-8F51-0203A64A72DA} = {FE41F1CD-66F5-4BA1-9F2D-FA7C245EB11C}
		{7C28B980-C276-4BB3-8E42-8FA7D84A828C} = {FC903619-9942-48E6-B358-23125BC4E832}
		{909E69D3-A175-4C31-B990-AB5447AE4CEE} = {FE41F1CD-66F5-4BA1-9F2D-FA7C245EB11C}
		{FB29C784-E352-4BEE-98FD-368C3D102389} = {FC903619-9942-48E6-B358-23125BC4E832}
		{04D6F6A2-7B51-4180-910A-D40522F31EDD} = {F6319AA1-C05A-4D31-8C01-C80C8A9C3968}
		{E455B940-4F43-4CC7-968F-C5DE8B589F02} = {6E633260-D9C9-4293-AF68-7E2E64DC2B1B}
		{87790498-0022-449F-99E1-CFB3B9D7EF2E} = {F6319AA1-C05A-4D31-8C01-C80C8A9C3968}
		{047A123B-D9D6-4747-97C0-E56BE96936E6} = {FE41F1CD-66F5-4BA1-9F2D-FA7C245EB11C}
		{BD2AAB92-957F-4613-B0A6-92CB8C87FBAD} = {E6DCA93D-D978-440F-99BD-199F47ECC29A}
		{EEB9E9FB-8C70-42B7-BDA9-1A84608DACF0} = {E6DCA93D-D978-440F-99BD-199F47ECC29A}
		{C1D8EE16-F198-4B63-84D7-C3E504158EB4} = {CA0121CF-30D4-4DE2-9590-317B8CF77A59}
		{DDE19C2E-0D4F-4021-B24E-BAB6C3F8FCF1} = {FC903619-9942-48E6-B358-23125BC4E832}
	EndGlobalSection
EndGlobal
